{
  "nodes": {
    "autodocodec": {
      "flake": false,
      "locked": {
        "lastModified": 1669815191,
        "narHash": "sha256-WUZde/rfPR9L710NCLlEz+tkOc/h/Vn90WtkhfBS3nI=",
        "owner": "NorfairKing",
        "repo": "autodocodec",
        "rev": "b49e3f42012168006955e5e4c6a5dcf8e6f94ba6",
        "type": "github"
      },
      "original": {
        "owner": "NorfairKing",
        "repo": "autodocodec",
        "type": "github"
      }
    },
    "dekking": {
      "flake": false,
      "locked": {
        "lastModified": 1670934629,
        "narHash": "sha256-fLigu2FHKuUxcz8qjHUU9cgML2k3Xd1loDt/pAPJn2E=",
        "owner": "NorfairKing",
        "repo": "dekking",
        "rev": "3d3989e38584aff844cc22032bbc8a61fc53f465",
        "type": "github"
      },
      "original": {
        "owner": "NorfairKing",
        "repo": "dekking",
        "type": "github"
      }
    },
    "flake-compat": {
      "flake": false,
      "locked": {
        "lastModified": 1668681692,
        "narHash": "sha256-Ht91NGdewz8IQLtWZ9LCeNXMSXHUss+9COoqu6JLmXU=",
        "owner": "edolstra",
        "repo": "flake-compat",
        "rev": "009399224d5e398d03b22badca40a37ac85412a1",
        "type": "github"
      },
      "original": {
        "owner": "edolstra",
        "repo": "flake-compat",
        "type": "github"
      }
    },
    "flake-utils": {
      "locked": {
        "lastModified": 1667395993,
        "narHash": "sha256-nuEHfE/LcWyuSWnS8t12N1wc105Qtau+/OdUAjtQ0rA=",
        "owner": "numtide",
        "repo": "flake-utils",
        "rev": "5aed5285a952e0b949eb3ba02c12fa4fcfef535f",
        "type": "github"
      },
      "original": {
        "owner": "numtide",
        "repo": "flake-utils",
        "type": "github"
      }
    },
    "gitignore": {
      "inputs": {
        "nixpkgs": [
          "pre-commit-hooks",
          "nixpkgs"
        ]
      },
      "locked": {
        "lastModified": 1660459072,
        "narHash": "sha256-8DFJjXG8zqoONA1vXtgeKXy68KdJL5UaXR8NtVMUbx8=",
        "owner": "hercules-ci",
        "repo": "gitignore.nix",
        "rev": "a20de23b925fd8264fd7fad6454652e142fd7f73",
        "type": "github"
      },
      "original": {
        "owner": "hercules-ci",
        "repo": "gitignore.nix",
        "type": "github"
      }
    },
    "haskell-dependency-graph-nix": {
      "inputs": {
        "nixpkgs": [
          "nixpkgs"
        ],
        "pre-commit-hooks": [
          "pre-commit-hooks"
        ]
      },
      "locked": {
        "lastModified": 1670417232,
        "narHash": "sha256-mSKwKYAmOrKW2VQ7AL1x5GOFmbXd5FV02ImxdJl+mZg=",
        "owner": "NorfairKing",
        "repo": "haskell-dependency-graph-nix",
        "rev": "1dd987dee4863e47f69eae2b1e3df1b747d43e53",
        "type": "github"
      },
      "original": {
        "owner": "NorfairKing",
        "repo": "haskell-dependency-graph-nix",
        "type": "github"
      }
    },
    "ical": {
      "flake": false,
      "locked": {
        "lastModified": 1667158350,
        "narHash": "sha256-kJJJ547FWboVXjX5dESzpS68ZahE7FhWrahB5BS1POI=",
        "owner": "NorfairKing",
        "repo": "ical",
        "rev": "13b1a3925edf77664324a80f5e62071bea6d0fea",
        "type": "github"
      },
      "original": {
        "owner": "NorfairKing",
        "ref": "flake",
        "repo": "ical",
        "type": "github"
      }
    },
    "linkcheck": {
      "flake": false,
      "locked": {
        "lastModified": 1666446235,
        "narHash": "sha256-ZKZJZ7CtVT8PnrZQeyQZGRNhMlmAbeC+lxxbIh0U0ck=",
        "owner": "NorfairKing",
        "repo": "linkcheck",
        "rev": "bb0c6567379232fd9e6d5ae56214804200a63ce0",
        "type": "github"
      },
      "original": {
        "owner": "NorfairKing",
        "ref": "flake",
        "repo": "linkcheck",
        "type": "github"
      }
    },
    "looper": {
      "flake": false,
      "locked": {
        "lastModified": 1666610946,
        "narHash": "sha256-byrQaukKnBAKeyiX+gOO918HbLfhtj4Ak6IhYmV+wTU=",
        "owner": "NorfairKing",
        "repo": "looper",
        "rev": "efa1d48c9993caf88de1aeb26a16de37b4a2c0fd",
        "type": "github"
      },
      "original": {
        "owner": "NorfairKing",
        "ref": "flake",
        "repo": "looper",
        "type": "github"
      }
    },
    "nixpkgs": {
      "locked": {
        "lastModified": 1670772952,
        "narHash": "sha256-b7V3cGtMNcQ5c6hwRqqX+eIuNUj+O3orsb64BKPR9yc=",
        "owner": "NixOS",
        "repo": "nixpkgs",
        "rev": "dfef2e61107dc19c211ead99a5a61374ad8317f4",
        "type": "github"
      },
      "original": {
        "owner": "NixOS",
        "ref": "nixos-22.11",
        "repo": "nixpkgs",
        "type": "github"
      }
    },
    "nixpkgs-stable": {
      "locked": {
        "lastModified": 1668984258,
        "narHash": "sha256-0gDMJ2T3qf58xgcSbYoXiRGUkPWmKyr5C3vcathWhKs=",
        "owner": "NixOS",
        "repo": "nixpkgs",
        "rev": "cf63ade6f74bbc9d2a017290f1b2e33e8fbfa70a",
        "type": "github"
      },
      "original": {
        "owner": "NixOS",
        "ref": "nixos-22.05",
        "repo": "nixpkgs",
        "type": "github"
      }
    },
    "nixpkgs_2": {
      "locked": {
        "lastModified": 1668994630,
        "narHash": "sha256-1lqx6HLyw6fMNX/hXrrETG1vMvZRGm2XVC9O/Jt0T6c=",
        "owner": "NixOS",
        "repo": "nixpkgs",
        "rev": "af50806f7c6ab40df3e6b239099e8f8385f6c78b",
        "type": "github"
      },
      "original": {
        "owner": "NixOS",
        "ref": "nixos-unstable",
        "repo": "nixpkgs",
        "type": "github"
      }
    },
    "pre-commit-hooks": {
      "inputs": {
        "flake-compat": "flake-compat",
        "flake-utils": "flake-utils",
        "gitignore": "gitignore",
        "nixpkgs": "nixpkgs_2",
        "nixpkgs-stable": "nixpkgs-stable"
      },
      "locked": {
        "lastModified": 1670413394,
        "narHash": "sha256-M7sWqrKtOqUv9euX1t3HCxis8cPy9MNiZxQmUf0KF1o=",
        "owner": "cachix",
        "repo": "pre-commit-hooks.nix",
        "rev": "1303a1a76e9eb074075bfe566518c413f6fc104e",
        "type": "github"
      },
      "original": {
        "owner": "cachix",
        "repo": "pre-commit-hooks.nix",
        "type": "github"
      }
    },
    "pretty-relative-time": {
      "flake": false,
      "locked": {
        "lastModified": 1666635361,
        "narHash": "sha256-UDXYx0yUgv9oieqDaYJLyEZxJpVTcOQedXZ7WVhJDv8=",
        "owner": "NorfairKing",
        "repo": "pretty-relative-time",
        "rev": "b9e7f9bedb9c28652d40cf422e8477fcc8c5124e",
        "type": "github"
      },
      "original": {
        "owner": "NorfairKing",
        "ref": "flake",
        "repo": "pretty-relative-time",
        "type": "github"
      }
    },
    "root": {
      "inputs": {
        "autodocodec": "autodocodec",
        "dekking": "dekking",
        "haskell-dependency-graph-nix": "haskell-dependency-graph-nix",
        "ical": "ical",
        "linkcheck": "linkcheck",
        "looper": "looper",
        "nixpkgs": "nixpkgs",
        "pre-commit-hooks": "pre-commit-hooks",
        "pretty-relative-time": "pretty-relative-time",
        "safe-coloured-text": "safe-coloured-text",
        "seocheck": "seocheck",
        "sydtest": "sydtest",
        "token-limiter-concurrent": "token-limiter-concurrent",
        "typed-uuid": "typed-uuid",
        "validity": "validity",
        "yesod-autoreload": "yesod-autoreload",
        "yesod-static-remote": "yesod-static-remote"
      }
    },
    "safe-coloured-text": {
      "flake": false,
      "locked": {
        "lastModified": 1669817722,
        "narHash": "sha256-2RTGykR47BhFYXc0bk9Btrik3t39kS5jr9CUxMlDpUg=",
        "owner": "NorfairKing",
        "repo": "safe-coloured-text",
        "rev": "f18578151d579c495eda46b8eeafcddb69adea07",
        "type": "github"
      },
      "original": {
        "owner": "NorfairKing",
        "repo": "safe-coloured-text",
        "type": "github"
      }
    },
    "seocheck": {
      "flake": false,
      "locked": {
        "lastModified": 1666446550,
        "narHash": "sha256-wX5T3XDlhVnrl8+WYhewb5KTLHKvZFwXFqkFhz+xAAw=",
        "owner": "NorfairKing",
        "repo": "seocheck",
        "rev": "274c97eb1f2947d4b0392bf3b98d3d2c44138242",
        "type": "github"
      },
      "original": {
        "owner": "NorfairKing",
        "ref": "flake",
        "repo": "seocheck",
        "type": "github"
      }
    },
    "sydtest": {
      "flake": false,
      "locked": {
        "lastModified": 1669815242,
        "narHash": "sha256-VAX91l9rJdzB2uqfvbdysdBUE7rsyFTE8Nd5z7L3608=",
        "owner": "NorfairKing",
        "repo": "sydtest",
        "rev": "65dbb63fa32110d8e11fd9ae5a5b62449e9f53d9",
        "type": "github"
      },
      "original": {
        "owner": "NorfairKing",
        "repo": "sydtest",
        "type": "github"
      }
    },
    "token-limiter-concurrent": {
      "flake": false,
      "locked": {
        "lastModified": 1667159265,
        "narHash": "sha256-sTDH3zwQy+G3DtzZpDzTWT2KxVnFxvTlfm204G1GZkc=",
        "owner": "NorfairKing",
        "repo": "token-limiter-concurrent",
        "rev": "fcded092247245c311db596457dce7fa19d2b7be",
        "type": "github"
      },
      "original": {
        "owner": "NorfairKing",
        "ref": "flake",
        "repo": "token-limiter-concurrent",
        "type": "github"
      }
    },
    "typed-uuid": {
      "flake": false,
      "locked": {
        "lastModified": 1666800492,
        "narHash": "sha256-A4lcpSKaa6nK138zl5uyroQ1Z1nCFjdKiPqXGOE35CA=",
        "owner": "NorfairKing",
        "repo": "typed-uuid",
        "rev": "9772d7f8bfddda5fead98248dbbdd943c378690c",
        "type": "github"
      },
      "original": {
        "owner": "NorfairKing",
        "ref": "flake",
        "repo": "typed-uuid",
        "type": "github"
      }
    },
    "validity": {
      "flake": false,
      "locked": {
        "lastModified": 1669817739,
        "narHash": "sha256-9b+ZlM5HnTa9naN95QWVwVsssFdX71GA02JFmGxBayA=",
        "owner": "NorfairKing",
        "repo": "validity",
        "rev": "a251897dc1eb7e851fd4d3dbc6fa976d22388f27",
        "type": "github"
      },
      "original": {
        "owner": "NorfairKing",
        "repo": "validity",
        "type": "github"
      }
    },
    "yesod-autoreload": {
      "flake": false,
      "locked": {
        "lastModified": 1666454604,
        "narHash": "sha256-bywUaqeUhx9bYLf864Zo9JU6tbi6X7Ma+TxLyRBkDp0=",
        "owner": "NorfairKing",
        "repo": "yesod-autoreload",
        "rev": "7cd3145b1a29bd60e18c1fdcc666b4babe3507df",
        "type": "github"
      },
      "original": {
        "owner": "NorfairKing",
        "ref": "flake",
        "repo": "yesod-autoreload",
        "type": "github"
      }
    },
    "yesod-static-remote": {
      "flake": false,
      "locked": {
        "lastModified": 1666454779,
        "narHash": "sha256-TCs5uIM9v0tXDiJCA02H04AxOccOTeKnvciw5ZcZQls=",
        "owner": "NorfairKing",
        "repo": "yesod-static-remote",
        "rev": "a1c82a87e1b2c394fae4bf1f6b732a376444abc6",
        "type": "github"
      },
      "original": {
        "owner": "NorfairKing",
        "ref": "flake",
        "repo": "yesod-static-remote",
        "type": "github"
      }
    }
  },
  "root": "root",
  "version": 7
}
